// !$*UTF8*$!
{
	archiveVersion = 1;
	classes = {
	};
	objectVersion = 46;
	objects = {

/* Begin PBXBuildFile section */
		9F623AEC43D265D0529532FC /* Pods_SlientPushHelper.framework in Frameworks */ = {isa = PBXBuildFile; fileRef = 372A797A0861AE7587981FA6 /* Pods_SlientPushHelper.framework */; };
		EA009DF51EC1A608001D1906 /* SlientPushHelper.m in Sources */ = {isa = PBXBuildFile; fileRef = EA009DF41EC1A608001D1906 /* SlientPushHelper.m */; };
		EA009DF61EC1A608001D1906 /* SlientPushHelper.h in CopyFiles */ = {isa = PBXBuildFile; fileRef = EA009DF31EC1A608001D1906 /* SlientPushHelper.h */; };
		EA009DFE1EC2AF55001D1906 /* SlientPushSettings.m in Sources */ = {isa = PBXBuildFile; fileRef = EA009DFD1EC2AF55001D1906 /* SlientPushSettings.m */; };
/* End PBXBuildFile section */

/* Begin PBXCopyFilesBuildPhase section */
		EA009DEE1EC1A608001D1906 /* CopyFiles */ = {
			isa = PBXCopyFilesBuildPhase;
			buildActionMask = 2147483647;
			dstPath = "include/$(PRODUCT_NAME)";
			dstSubfolderSpec = 16;
			files = (
				EA009DF61EC1A608001D1906 /* SlientPushHelper.h in CopyFiles */,
			);
			runOnlyForDeploymentPostprocessing = 0;
		};
/* End PBXCopyFilesBuildPhase section */

/* Begin PBXFileReference section */
		372A797A0861AE7587981FA6 /* Pods_SlientPushHelper.framework */ = {isa = PBXFileReference; explicitFileType = wrapper.framework; includeInIndex = 0; path = Pods_SlientPushHelper.framework; sourceTree = BUILT_PRODUCTS_DIR; };
		3E72C746CC3788D6E3E9D644 /* Pods-SlientPushHelper.release.xcconfig */ = {isa = PBXFileReference; includeInIndex = 1; lastKnownFileType = text.xcconfig; name = "Pods-SlientPushHelper.release.xcconfig"; path = "Pods/Target Support Files/Pods-SlientPushHelper/Pods-SlientPushHelper.release.xcconfig"; sourceTree = "<group>"; };
		C113A9B68EA9DD59B354EA1C /* Pods-SlientPushHelper.debug.xcconfig */ = {isa = PBXFileReference; includeInIndex = 1; lastKnownFileType = text.xcconfig; name = "Pods-SlientPushHelper.debug.xcconfig"; path = "Pods/Target Support Files/Pods-SlientPushHelper/Pods-SlientPushHelper.debug.xcconfig"; sourceTree = "<group>"; };
		EA009DF01EC1A608001D1906 /* libSlientPushHelper.a */ = {isa = PBXFileReference; explicitFileType = archive.ar; includeInIndex = 0; path = libSlientPushHelper.a; sourceTree = BUILT_PRODUCTS_DIR; };
		EA009DF31EC1A608001D1906 /* SlientPushHelper.h */ = {isa = PBXFileReference; lastKnownFileType = sourcecode.c.h; path = SlientPushHelper.h; sourceTree = "<group>"; };
		EA009DF41EC1A608001D1906 /* SlientPushHelper.m */ = {isa = PBXFileReference; lastKnownFileType = sourcecode.c.objc; path = SlientPushHelper.m; sourceTree = "<group>"; };
		EA009DFC1EC2AF55001D1906 /* SlientPushSettings.h */ = {isa = PBXFileReference; fileEncoding = 4; lastKnownFileType = sourcecode.c.h; path = SlientPushSettings.h; sourceTree = "<group>"; };
		EA009DFD1EC2AF55001D1906 /* SlientPushSettings.m */ = {isa = PBXFileReference; fileEncoding = 4; lastKnownFileType = sourcecode.c.objc; path = SlientPushSettings.m; sourceTree = "<group>"; };
/* End PBXFileReference section */

/* Begin PBXFrameworksBuildPhase section */
		EA009DED1EC1A608001D1906 /* Frameworks */ = {
			isa = PBXFrameworksBuildPhase;
			buildActionMask = 2147483647;
			files = (
				9F623AEC43D265D0529532FC /* Pods_SlientPushHelper.framework in Frameworks */,
			);
			runOnlyForDeploymentPostprocessing = 0;
		};
/* End PBXFrameworksBuildPhase section */

/* Begin PBXGroup section */
		55C2D3048DEE8DA00D1B7F60 /* Pods */ = {
			isa = PBXGroup;
			children = (
				C113A9B68EA9DD59B354EA1C /* Pods-SlientPushHelper.debug.xcconfig */,
				3E72C746CC3788D6E3E9D644 /* Pods-SlientPushHelper.release.xcconfig */,
			);
			name = Pods;
			sourceTree = "<group>";
		};
		A6B90A67D8ACE5701190B95B /* Frameworks */ = {
			isa = PBXGroup;
			children = (
				372A797A0861AE7587981FA6 /* Pods_SlientPushHelper.framework */,
			);
			name = Frameworks;
			sourceTree = "<group>";
		};
		EA009DE71EC1A608001D1906 = {
			isa = PBXGroup;
			children = (
				EA009DF21EC1A608001D1906 /* SlientPushHelper */,
				EA009DF11EC1A608001D1906 /* Products */,
				55C2D3048DEE8DA00D1B7F60 /* Pods */,
				A6B90A67D8ACE5701190B95B /* Frameworks */,
			);
			sourceTree = "<group>";
		};
		EA009DF11EC1A608001D1906 /* Products */ = {
			isa = PBXGroup;
			children = (
				EA009DF01EC1A608001D1906 /* libSlientPushHelper.a */,
			);
			name = Products;
			sourceTree = "<group>";
		};
		EA009DF21EC1A608001D1906 /* SlientPushHelper */ = {
			isa = PBXGroup;
			children = (
				EA009DF31EC1A608001D1906 /* SlientPushHelper.h */,
				EA009DF41EC1A608001D1906 /* SlientPushHelper.m */,
				EA009DFC1EC2AF55001D1906 /* SlientPushSettings.h */,
				EA009DFD1EC2AF55001D1906 /* SlientPushSettings.m */,
			);
			path = SlientPushHelper;
			sourceTree = "<group>";
		};
/* End PBXGroup section */

/* Begin PBXNativeTarget section */
		EA009DEF1EC1A608001D1906 /* SlientPushHelper */ = {
			isa = PBXNativeTarget;
			buildConfigurationList = EA009DF91EC1A608001D1906 /* Build configuration list for PBXNativeTarget "SlientPushHelper" */;
			buildPhases = (
				5EC11DA418E4D4DCE6F03155 /* [CP] Check Pods Manifest.lock */,
				EA009DEC1EC1A608001D1906 /* Sources */,
				EA009DED1EC1A608001D1906 /* Frameworks */,
				EA009DEE1EC1A608001D1906 /* CopyFiles */,
				AAA907ED42573C553C914533 /* [CP] Copy Pods Resources */,
			);
			buildRules = (
			);
			dependencies = (
			);
			name = SlientPushHelper;
			productName = SlientPushHelper;
			productReference = EA009DF01EC1A608001D1906 /* libSlientPushHelper.a */;
			productType = "com.apple.product-type.library.static";
		};
/* End PBXNativeTarget section */

/* Begin PBXProject section */
		EA009DE81EC1A608001D1906 /* Project object */ = {
			isa = PBXProject;
			attributes = {
				LastUpgradeCheck = 0830;
				ORGANIZATIONNAME = "何霞雨";
				TargetAttributes = {
					EA009DEF1EC1A608001D1906 = {
						CreatedOnToolsVersion = 8.3;
						DevelopmentTeam = 63DD5UWBGN;
						ProvisioningStyle = Automatic;
					};
				};
			};
			buildConfigurationList = EA009DEB1EC1A608001D1906 /* Build configuration list for PBXProject "SlientPushHelper" */;
			compatibilityVersion = "Xcode 3.2";
			developmentRegion = English;
			hasScannedForEncodings = 0;
			knownRegions = (
				en,
			);
			mainGroup = EA009DE71EC1A608001D1906;
			productRefGroup = EA009DF11EC1A608001D1906 /* Products */;
			projectDirPath = "";
			projectRoot = "";
			targets = (
				EA009DEF1EC1A608001D1906 /* SlientPushHelper */,
			);
		};
/* End PBXProject section */

/* Begin PBXShellScriptBuildPhase section */
		5EC11DA418E4D4DCE6F03155 /* [CP] Check Pods Manifest.lock */ = {
			isa = PBXShellScriptBuildPhase;
			buildActionMask = 2147483647;
			files = (
			);
			inputPaths = (
			);
			name = "[CP] Check Pods Manifest.lock";
			outputPaths = (
			);
			runOnlyForDeploymentPostprocessing = 0;
			shellPath = /bin/sh;
			shellScript = "diff \"${PODS_ROOT}/../Podfile.lock\" \"${PODS_ROOT}/Manifest.lock\" > /dev/null\nif [ $? != 0 ] ; then\n    # print error to STDERR\n    echo \"error: The sandbox is not in sync with the Podfile.lock. Run 'pod install' or update your CocoaPods installation.\" >&2\n    exit 1\nfi\n";
			showEnvVarsInLog = 0;
		};
		AAA907ED42573C553C914533 /* [CP] Copy Pods Resources */ = {
			isa = PBXShellScriptBuildPhase;
			buildActionMask = 2147483647;
			files = (
			);
			inputPaths = (
			);
			name = "[CP] Copy Pods Resources";
			outputPaths = (
			);
			runOnlyForDeploymentPostprocessing = 0;
			shellPath = /bin/sh;
			shellScript = "\"${SRCROOT}/Pods/Target Support Files/Pods-SlientPushHelper/Pods-SlientPushHelper-resources.sh\"\n";
			showEnvVarsInLog = 0;
		};
/* End PBXShellScriptBuildPhase section */

/* Begin PBXSourcesBuildPhase section */
		EA009DEC1EC1A608001D1906 /* Sources */ = {
			isa = PBXSourcesBuildPhase;
			buildActionMask = 2147483647;
			files = (
				EA009DF51EC1A608001D1906 /* SlientPushHelper.m in Sources */,
				EA009DFE1EC2AF55001D1906 /* SlientPushSettings.m in Sources */,
			);
			runOnlyForDeploymentPostprocessing = 0;
		};
/* End PBXSourcesBuildPhase section */

/* Begin XCBuildConfiguration section */
		EA009DF71EC1A608001D1906 /* Debug */ = {
			isa = XCBuildConfiguration;
			buildSettings = {
				ALWAYS_SEARCH_USER_PATHS = NO;
				CLANG_ANALYZER_NONNULL = YES;
				CLANG_ANALYZER_NUMBER_OBJECT_CONVERSION = YES_AGGRESSIVE;
				CLANG_CXX_LANGUAGE_STANDARD = "gnu++0x";
				CLANG_CXX_LIBRARY = "libc++";
				CLANG_ENABLE_MODULES = YES;
				CLANG_ENABLE_OBJC_ARC = YES;
				CLANG_WARN_BOOL_CONVERSION = YES;
				CLANG_WARN_CONSTANT_CONVERSION = YES;
				CLANG_WARN_DIRECT_OBJC_ISA_USAGE = YES_ERROR;
				CLANG_WARN_DOCUMENTATION_COMMENTS = YES;
				CLANG_WARN_EMPTY_BODY = YES;
				CLANG_WARN_ENUM_CONVERSION = YES;
				CLANG_WARN_INFINITE_RECURSION = YES;
				CLANG_WARN_INT_CONVERSION = YES;
				CLANG_WARN_OBJC_ROOT_CLASS = YES_ERROR;
				CLANG_WARN_SUSPICIOUS_MOVE = YES;
				CLANG_WARN_UNREACHABLE_CODE = YES;
				CLANG_WARN__DUPLICATE_METHOD_MATCH = YES;
				"CODE_SIGN_IDENTITY[sdk=iphoneos*]" = "iPhone Developer";
				COPY_PHASE_STRIP = NO;
				DEBUG_INFORMATION_FORMAT = dwarf;
				ENABLE_STRICT_OBJC_MSGSEND = YES;
				ENABLE_TESTABILITY = YES;
				GCC_C_LANGUAGE_STANDARD = gnu99;
				GCC_DYNAMIC_NO_PIC = NO;
				GCC_NO_COMMON_BLOCKS = YES;
				GCC_OPTIMIZATION_LEVEL = 0;
				GCC_PREPROCESSOR_DEFINITIONS = (
					"DEBUG=1",
					"$(inherited)",
				);
				GCC_WARN_64_TO_32_BIT_CONVERSION = YES;
				GCC_WARN_ABOUT_RETURN_TYPE = YES_ERROR;
				GCC_WARN_UNDECLARED_SELECTOR = YES;
				GCC_WARN_UNINITIALIZED_AUTOS = YES_AGGRESSIVE;
				GCC_WARN_UNUSED_FUNCTION = YES;
				GCC_WARN_UNUSED_VARIABLE = YES;
				IPHONEOS_DEPLOYMENT_TARGET = 10.3;
				MTL_ENABLE_DEBUG_INFO = YES;
				ONLY_ACTIVE_ARCH = YES;
				SDKROOT = iphoneos;
			};
			name = Debug;
		};
		EA009DF81EC1A608001D1906 /* Release */ = {
			isa = XCBuildConfiguration;
			buildSettings = {
				ALWAYS_SEARCH_USER_PATHS = NO;
				CLANG_ANALYZER_NONNULL = YES;
				CLANG_ANALYZER_NUMBER_OBJECT_CONVERSION = YES_AGGRESSIVE;
				CLANG_CXX_LANGUAGE_STANDARD = "gnu++0x";
				CLANG_CXX_LIBRARY = "libc++";
				CLANG_ENABLE_MODULES = YES;
				CLANG_ENABLE_OBJC_ARC = YES;
				CLANG_WARN_BOOL_CONVERSION = YES;
				CLANG_WARN_CONSTANT_CONVERSION = YES;
				CLANG_WARN_DIRECT_OBJC_ISA_USAGE = YES_ERROR;
				CLANG_WARN_DOCUMENTATION_COMMENTS = YES;
				CLANG_WARN_EMPTY_BODY = YES;
				CLANG_WARN_ENUM_CONVERSION = YES;
				CLANG_WARN_INFINITE_RECURSION = YES;
				CLANG_WARN_INT_CONVERSION = YES;
				CLANG_WARN_OBJC_ROOT_CLASS = YES_ERROR;
				CLANG_WARN_SUSPICIOUS_MOVE = YES;
				CLANG_WARN_UNREACHABLE_CODE = YES;
				CLANG_WARN__DUPLICATE_METHOD_MATCH = YES;
				"CODE_SIGN_IDENTITY[sdk=iphoneos*]" = "iPhone Developer";
				COPY_PHASE_STRIP = NO;
				DEBUG_INFORMATION_FORMAT = "dwarf-with-dsym";
				ENABLE_NS_ASSERTIONS = NO;
				ENABLE_STRICT_OBJC_MSGSEND = YES;
				GCC_C_LANGUAGE_STANDARD = gnu99;
				GCC_NO_COMMON_BLOCKS = YES;
				GCC_WARN_64_TO_32_BIT_CONVERSION = YES;
				GCC_WARN_ABOUT_RETURN_TYPE = YES_ERROR;
				GCC_WARN_UNDECLARED_SELECTOR = YES;
				GCC_WARN_UNINITIALIZED_AUTOS = YES_AGGRESSIVE;
				GCC_WARN_UNUSED_FUNCTION = YES;
				GCC_WARN_UNUSED_VARIABLE = YES;
				IPHONEOS_DEPLOYMENT_TARGET = 10.3;
				MTL_ENABLE_DEBUG_INFO = NO;
				SDKROOT = iphoneos;
				VALIDATE_PRODUCT = YES;
			};
			name = Release;
		};
		EA009DFA1EC1A608001D1906 /* Debug */ = {
			isa = XCBuildConfiguration;
			baseConfigurationReference = C113A9B68EA9DD59B354EA1C /* Pods-SlientPushHelper.debug.xcconfig */;
			buildSettings = {
				DEVELOPMENT_TEAM = 63DD5UWBGN;
				OTHER_LDFLAGS = "$(inherited)";
				PRODUCT_NAME = "$(TARGET_NAME)";
				SKIP_INSTALL = YES;
			};
			name = Debug;
		};
		EA009DFB1EC1A608001D1906 /* Release */ = {
			isa = XCBuildConfiguration;
			baseConfigurationReference = 3E72C746CC3788D6E3E9D644 /* Pods-SlientPushHelper.release.xcconfig */;
			buildSettings = {
				DEVELOPMENT_TEAM = 63DD5UWBGN;
                OTHER_LDFLAGS = "$(inherited)";
				PRODUCT_NAME = "$(TARGET_NAME)";
				SKIP_INSTALL = YES;
			};
			name = Release;
		};
/* End XCBuildConfiguration section */

/* Begin XCConfigurationList section */
		EA009DEB1EC1A608001D1906 /* Build configuration list for PBXProject "SlientPushHelper" */ = {
			isa = XCConfigurationList;
			buildConfigurations = (
				EA009DF71EC1A608001D1906 /* Debug */,
				EA009DF81EC1A608001D1906 /* Release */,
			);
			defaultConfigurationIsVisible = 0;
			defaultConfigurationName = Release;
		};
		EA009DF91EC1A608001D1906 /* Build configuration list for PBXNativeTarget "SlientPushHelper" */ = {
			isa = XCConfigurationList;
			buildConfigurations = (
				EA009DFA1EC1A608001D1906 /* Debug */,
				EA009DFB1EC1A608001D1906 /* Release */,
			);
			defaultConfigurationIsVisible = 0;
			defaultConfigurationName = Release;
		};
/* End XCConfigurationList section */
	};
	rootObject = EA009DE81EC1A608001D1906 /* Project object */;
}
